
Microsoft Visual Studio Solution File, Format Version 12.00
# Visual Studio Version 16
VisualStudioVersion = 16.0.30114.105
MinimumVisualStudioVersion = 10.0.40219.1
Project("{FAE04EC0-301F-11D3-BF4B-00C04F79EFBC}") = "OrderApi", "OrderApi\OrderApi.csproj", "{17A78AE9-20D4-4556-A32C-53DAEDF65D0C}"
EndProject
Global
	GlobalSection(SolutionConfigurationPlatforms) = preSolution
		Debug|Any CPU = Debug|Any CPU
		Release|Any CPU = Release|Any CPU
	EndGlobalSection
	GlobalSection(ProjectConfigurationPlatforms) = postSolution
		{17A78AE9-20D4-4556-A32C-53DAEDF65D0C}.Debug|Any CPU.ActiveCfg = Debug|Any CPU
		{17A78AE9-20D4-4556-A32C-53DAEDF65D0C}.Debug|Any CPU.Build.0 = Debug|Any CPU
		{17A78AE9-20D4-4556-A32C-53DAEDF65D0C}.Release|Any CPU.ActiveCfg = Release|Any CPU
		{17A78AE9-20D4-4556-A32C-53DAEDF65D0C}.Release|Any CPU.Build.0 = Release|Any CPU
	EndGlobalSection
	GlobalSection(SolutionProperties) = preSolution
		HideSolutionNode = FALSE
	EndGlobalSection
	GlobalSection(ExtensibilityGlobals) = postSolution
		SolutionGuid = {8AF2C3F6-1D58-44D8-8C6E-650E7DB78A3F}
	EndGlobalSection
EndGlobal
